// !$*UTF8*$!
{
	archiveVersion = 1;
	classes = {
	};
	objectVersion = 56;
	objects = {

/* Begin PBXBuildFile section */
		47AD7E1328F6542700EE3FDC /* UI_696App.swift in Sources */ = {isa = PBXBuildFile; fileRef = 47AD7E1228F6542700EE3FDC /* UI_696App.swift */; };
		47AD7E1528F6542700EE3FDC /* ContentView.swift in Sources */ = {isa = PBXBuildFile; fileRef = 47AD7E1428F6542700EE3FDC /* ContentView.swift */; };
		47AD7E1728F6542800EE3FDC /* Assets.xcassets in Resources */ = {isa = PBXBuildFile; fileRef = 47AD7E1628F6542800EE3FDC /* Assets.xcassets */; };
		47AD7E1A28F6542800EE3FDC /* Preview Assets.xcassets in Resources */ = {isa = PBXBuildFile; fileRef = 47AD7E1928F6542800EE3FDC /* Preview Assets.xcassets */; };
		47AD7E2428F6542800EE3FDC /* UI_696Tests.swift in Sources */ = {isa = PBXBuildFile; fileRef = 47AD7E2328F6542800EE3FDC /* UI_696Tests.swift */; };
		47AD7E2E28F6542800EE3FDC /* UI_696UITests.swift in Sources */ = {isa = PBXBuildFile; fileRef = 47AD7E2D28F6542800EE3FDC /* UI_696UITests.swift */; };
		47AD7E3028F6542800EE3FDC /* UI_696UITestsLaunchTests.swift in Sources */ = {isa = PBXBuildFile; fileRef = 47AD7E2F28F6542800EE3FDC /* UI_696UITestsLaunchTests.swift */; };
		47AD7E3E28F6544300EE3FDC /* Home.swift in Sources */ = {isa = PBXBuildFile; fileRef = 47AD7E3D28F6544300EE3FDC /* Home.swift */; };
		47AD7E4128F6545000EE3FDC /* Card.swift in Sources */ = {isa = PBXBuildFile; fileRef = 47AD7E4028F6545000EE3FDC /* Card.swift */; };
/* End PBXBuildFile section */

/* Begin PBXContainerItemProxy section */
		47AD7E2028F6542800EE3FDC /* PBXContainerItemProxy */ = {
			isa = PBXContainerItemProxy;
			containerPortal = 47AD7E0728F6542700EE3FDC /* Project object */;
			proxyType = 1;
			remoteGlobalIDString = 47AD7E0E28F6542700EE3FDC;
			remoteInfo = "UI-696";
		};
		47AD7E2A28F6542800EE3FDC /* PBXContainerItemProxy */ = {
			isa = PBXContainerItemProxy;
			containerPortal = 47AD7E0728F6542700EE3FDC /* Project object */;
			proxyType = 1;
			remoteGlobalIDString = 47AD7E0E28F6542700EE3FDC;
			remoteInfo = "UI-696";
		};
/* End PBXContainerItemProxy section */

/* Begin PBXFileReference section */
		47AD7E0F28F6542700EE3FDC /* UI-696.app */ = {isa = PBXFileReference; explicitFileType = wrapper.application; includeInIndex = 0; path = "UI-696.app"; sourceTree = BUILT_PRODUCTS_DIR; };
		47AD7E1228F6542700EE3FDC /* UI_696App.swift */ = {isa = PBXFileReference; lastKnownFileType = sourcecode.swift; path = UI_696App.swift; sourceTree = "<group>"; };
		47AD7E1428F6542700EE3FDC /* ContentView.swift */ = {isa = PBXFileReference; lastKnownFileType = sourcecode.swift; path = ContentView.swift; sourceTree = "<group>"; };
		47AD7E1628F6542800EE3FDC /* Assets.xcassets */ = {isa = PBXFileReference; lastKnownFileType = folder.assetcatalog; path = Assets.xcassets; sourceTree = "<group>"; };
		47AD7E1928F6542800EE3FDC /* Preview Assets.xcassets */ = {isa = PBXFileReference; lastKnownFileType = folder.assetcatalog; path = "Preview Assets.xcassets"; sourceTree = "<group>"; };
		47AD7E1F28F6542800EE3FDC /* UI-696Tests.xctest */ = {isa = PBXFileReference; explicitFileType = wrapper.cfbundle; includeInIndex = 0; path = "UI-696Tests.xctest"; sourceTree = BUILT_PRODUCTS_DIR; };
		47AD7E2328F6542800EE3FDC /* UI_696Tests.swift */ = {isa = PBXFileReference; lastKnownFileType = sourcecode.swift; path = UI_696Tests.swift; sourceTree = "<group>"; };
		47AD7E2928F6542800EE3FDC /* UI-696UITests.xctest */ = {isa = PBXFileReference; explicitFileType = wrapper.cfbundle; includeInIndex = 0; path = "UI-696UITests.xctest"; sourceTree = BUILT_PRODUCTS_DIR; };
		47AD7E2D28F6542800EE3FDC /* UI_696UITests.swift */ = {isa = PBXFileReference; lastKnownFileType = sourcecode.swift; path = UI_696UITests.swift; sourceTree = "<group>"; };
		47AD7E2F28F6542800EE3FDC /* UI_696UITestsLaunchTests.swift */ = {isa = PBXFileReference; lastKnownFileType = sourcecode.swift; path = UI_696UITestsLaunchTests.swift; sourceTree = "<group>"; };
		47AD7E3D28F6544300EE3FDC /* Home.swift */ = {isa = PBXFileReference; lastKnownFileType = sourcecode.swift; path = Home.swift; sourceTree = "<group>"; };
		47AD7E4028F6545000EE3FDC /* Card.swift */ = {isa = PBXFileReference; lastKnownFileType = sourcecode.swift; path = Card.swift; sourceTree = "<group>"; };
/* End PBXFileReference section */

/* Begin PBXFrameworksBuildPhase section */
		47AD7E0C28F6542700EE3FDC /* Frameworks */ = {
			isa = PBXFrameworksBuildPhase;
			buildActionMask = 2147483647;
			files = (
			);
			runOnlyForDeploymentPostprocessing = 0;
		};
		47AD7E1C28F6542800EE3FDC /* Frameworks */ = {
			isa = PBXFrameworksBuildPhase;
			buildActionMask = 2147483647;
			files = (
			);
			runOnlyForDeploymentPostprocessing = 0;
		};
		47AD7E2628F6542800EE3FDC /* Frameworks */ = {
			isa = PBXFrameworksBuildPhase;
			buildActionMask = 2147483647;
			files = (
			);
			runOnlyForDeploymentPostprocessing = 0;
		};
/* End PBXFrameworksBuildPhase section */

/* Begin PBXGroup section */
		47AD7E0628F6542700EE3FDC = {
			isa = PBXGroup;
			children = (
				47AD7E1128F6542700EE3FDC /* UI-696 */,
				47AD7E2228F6542800EE3FDC /* UI-696Tests */,
				47AD7E2C28F6542800EE3FDC /* UI-696UITests */,
				47AD7E1028F6542700EE3FDC /* Products */,
			);
			sourceTree = "<group>";
		};
		47AD7E1028F6542700EE3FDC /* Products */ = {
			isa = PBXGroup;
			children = (
				47AD7E0F28F6542700EE3FDC /* UI-696.app */,
				47AD7E1F28F6542800EE3FDC /* UI-696Tests.xctest */,
				47AD7E2928F6542800EE3FDC /* UI-696UITests.xctest */,
			);
			name = Products;
			sourceTree = "<group>";
		};
		47AD7E1128F6542700EE3FDC /* UI-696 */ = {
			isa = PBXGroup;
			children = (
				47AD7E3F28F6544800EE3FDC /* Model */,
				47AD7E3C28F6543E00EE3FDC /* View */,
				47AD7E1228F6542700EE3FDC /* UI_696App.swift */,
				47AD7E1428F6542700EE3FDC /* ContentView.swift */,
				47AD7E1628F6542800EE3FDC /* Assets.xcassets */,
				47AD7E1828F6542800EE3FDC /* Preview Content */,
			);
			path = "UI-696";
			sourceTree = "<group>";
		};
		47AD7E1828F6542800EE3FDC /* Preview Content */ = {
			isa = PBXGroup;
			children = (
				47AD7E1928F6542800EE3FDC /* Preview Assets.xcassets */,
			);
			path = "Preview Content";
			sourceTree = "<group>";
		};
		47AD7E2228F6542800EE3FDC /* UI-696Tests */ = {
			isa = PBXGroup;
			children = (
				47AD7E2328F6542800EE3FDC /* UI_696Tests.swift */,
			);
			path = "UI-696Tests";
			sourceTree = "<group>";
		};
		47AD7E2C28F6542800EE3FDC /* UI-696UITests */ = {
			isa = PBXGroup;
			children = (
				47AD7E2D28F6542800EE3FDC /* UI_696UITests.swift */,
				47AD7E2F28F6542800EE3FDC /* UI_696UITestsLaunchTests.swift */,
			);
			path = "UI-696UITests";
			sourceTree = "<group>";
		};
		47AD7E3C28F6543E00EE3FDC /* View */ = {
			isa = PBXGroup;
			children = (
				47AD7E3D28F6544300EE3FDC /* Home.swift */,
			);
			path = View;
			sourceTree = "<group>";
		};
		47AD7E3F28F6544800EE3FDC /* Model */ = {
			isa = PBXGroup;
			children = (
				47AD7E4028F6545000EE3FDC /* Card.swift */,
			);
			path = Model;
			sourceTree = "<group>";
		};
/* End PBXGroup section */

/* Begin PBXNativeTarget section */
		47AD7E0E28F6542700EE3FDC /* UI-696 */ = {
			isa = PBXNativeTarget;
			buildConfigurationList = 47AD7E3328F6542800EE3FDC /* Build configuration list for PBXNativeTarget "UI-696" */;
			buildPhases = (
				47AD7E0B28F6542700EE3FDC /* Sources */,
				47AD7E0C28F6542700EE3FDC /* Frameworks */,
				47AD7E0D28F6542700EE3FDC /* Resources */,
			);
			buildRules = (
			);
			dependencies = (
			);
			name = "UI-696";
			productName = "UI-696";
			productReference = 47AD7E0F28F6542700EE3FDC /* UI-696.app */;
			productType = "com.apple.product-type.application";
		};
		47AD7E1E28F6542800EE3FDC /* UI-696Tests */ = {
			isa = PBXNativeTarget;
			buildConfigurationList = 47AD7E3628F6542800EE3FDC /* Build configuration list for PBXNativeTarget "UI-696Tests" */;
			buildPhases = (
				47AD7E1B28F6542800EE3FDC /* Sources */,
				47AD7E1C28F6542800EE3FDC /* Frameworks */,
				47AD7E1D28F6542800EE3FDC /* Resources */,
			);
			buildRules = (
			);
			dependencies = (
				47AD7E2128F6542800EE3FDC /* PBXTargetDependency */,
			);
			name = "UI-696Tests";
			productName = "UI-696Tests";
			productReference = 47AD7E1F28F6542800EE3FDC /* UI-696Tests.xctest */;
			productType = "com.apple.product-type.bundle.unit-test";
		};
		47AD7E2828F6542800EE3FDC /* UI-696UITests */ = {
			isa = PBXNativeTarget;
			buildConfigurationList = 47AD7E3928F6542800EE3FDC /* Build configuration list for PBXNativeTarget "UI-696UITests" */;
			buildPhases = (
				47AD7E2528F6542800EE3FDC /* Sources */,
				47AD7E2628F6542800EE3FDC /* Frameworks */,
				47AD7E2728F6542800EE3FDC /* Resources */,
			);
			buildRules = (
			);
			dependencies = (
				47AD7E2B28F6542800EE3FDC /* PBXTargetDependency */,
			);
			name = "UI-696UITests";
			productName = "UI-696UITests";
			productReference = 47AD7E2928F6542800EE3FDC /* UI-696UITests.xctest */;
			productType = "com.apple.product-type.bundle.ui-testing";
		};
/* End PBXNativeTarget section */

/* Begin PBXProject section */
		47AD7E0728F6542700EE3FDC /* Project object */ = {
			isa = PBXProject;
			attributes = {
				BuildIndependentTargetsInParallel = 1;
				LastSwiftUpdateCheck = 1410;
				LastUpgradeCheck = 1410;
				TargetAttributes = {
					47AD7E0E28F6542700EE3FDC = {
						CreatedOnToolsVersion = 14.1;
					};
					47AD7E1E28F6542800EE3FDC = {
						CreatedOnToolsVersion = 14.1;
						TestTargetID = 47AD7E0E28F6542700EE3FDC;
					};
					47AD7E2828F6542800EE3FDC = {
						CreatedOnToolsVersion = 14.1;
						TestTargetID = 47AD7E0E28F6542700EE3FDC;
					};
				};
			};
			buildConfigurationList = 47AD7E0A28F6542700EE3FDC /* Build configuration list for PBXProject "UI-696" */;
			compatibilityVersion = "Xcode 14.0";
			developmentRegion = en;
			hasScannedForEncodings = 0;
			knownRegions = (
				en,
				Base,
			);
			mainGroup = 47AD7E0628F6542700EE3FDC;
			productRefGroup = 47AD7E1028F6542700EE3FDC /* Products */;
			projectDirPath = "";
			projectRoot = "";
			targets = (
				47AD7E0E28F6542700EE3FDC /* UI-696 */,
				47AD7E1E28F6542800EE3FDC /* UI-696Tests */,
				47AD7E2828F6542800EE3FDC /* UI-696UITests */,
			);
		};
/* End PBXProject section */

/* Begin PBXResourcesBuildPhase section */
		47AD7E0D28F6542700EE3FDC /* Resources */ = {
			isa = PBXResourcesBuildPhase;
			buildActionMask = 2147483647;
			files = (
				47AD7E1A28F6542800EE3FDC /* Preview Assets.xcassets in Resources */,
				47AD7E1728F6542800EE3FDC /* Assets.xcassets in Resources */,
			);
			runOnlyForDeploymentPostprocessing = 0;
		};
		47AD7E1D28F6542800EE3FDC /* Resources */ = {
			isa = PBXResourcesBuildPhase;
			buildActionMask = 2147483647;
			files = (
			);
			runOnlyForDeploymentPostprocessing = 0;
		};
		47AD7E2728F6542800EE3FDC /* Resources */ = {
			isa = PBXResourcesBuildPhase;
			buildActionMask = 2147483647;
			files = (
			);
			runOnlyForDeploymentPostprocessing = 0;
		};
/* End PBXResourcesBuildPhase section */

/* Begin PBXSourcesBuildPhase section */
		47AD7E0B28F6542700EE3FDC /* Sources */ = {
			isa = PBXSourcesBuildPhase;
			buildActionMask = 2147483647;
			files = (
				47AD7E1528F6542700EE3FDC /* ContentView.swift in Sources */,
				47AD7E3E28F6544300EE3FDC /* Home.swift in Sources */,
				47AD7E1328F6542700EE3FDC /* UI_696App.swift in Sources */,
				47AD7E4128F6545000EE3FDC /* Card.swift in Sources */,
			);
			runOnlyForDeploymentPostprocessing = 0;
		};
		47AD7E1B28F6542800EE3FDC /* Sources */ = {
			isa = PBXSourcesBuildPhase;
			buildActionMask = 2147483647;
			files = (
				47AD7E2428F6542800EE3FDC /* UI_696Tests.swift in Sources */,
			);
			runOnlyForDeploymentPostprocessing = 0;
		};
		47AD7E2528F6542800EE3FDC /* Sources */ = {
			isa = PBXSourcesBuildPhase;
			buildActionMask = 2147483647;
			files = (
				47AD7E3028F6542800EE3FDC /* UI_696UITestsLaunchTests.swift in Sources */,
				47AD7E2E28F6542800EE3FDC /* UI_696UITests.swift in Sources */,
			);
			runOnlyForDeploymentPostprocessing = 0;
		};
/* End PBXSourcesBuildPhase section */

/* Begin PBXTargetDependency section */
		47AD7E2128F6542800EE3FDC /* PBXTargetDependency */ = {
			isa = PBXTargetDependency;
			target = 47AD7E0E28F6542700EE3FDC /* UI-696 */;
			targetProxy = 47AD7E2028F6542800EE3FDC /* PBXContainerItemProxy */;
		};
		47AD7E2B28F6542800EE3FDC /* PBXTargetDependency */ = {
			isa = PBXTargetDependency;
			target = 47AD7E0E28F6542700EE3FDC /* UI-696 */;
			targetProxy = 47AD7E2A28F6542800EE3FDC /* PBXContainerItemProxy */;
		};
/* End PBXTargetDependency section */

/* Begin XCBuildConfiguration section */
		47AD7E3128F6542800EE3FDC /* Debug */ = {
			isa = XCBuildConfiguration;
			buildSettings = {
				ALWAYS_SEARCH_USER_PATHS = NO;
				CLANG_ANALYZER_NONNULL = YES;
				CLANG_ANALYZER_NUMBER_OBJECT_CONVERSION = YES_AGGRESSIVE;
				CLANG_CXX_LANGUAGE_STANDARD = "gnu++20";
				CLANG_ENABLE_MODULES = YES;
				CLANG_ENABLE_OBJC_ARC = YES;
				CLANG_ENABLE_OBJC_WEAK = YES;
				CLANG_WARN_BLOCK_CAPTURE_AUTORELEASING = YES;
				CLANG_WARN_BOOL_CONVERSION = YES;
				CLANG_WARN_COMMA = YES;
				CLANG_WARN_CONSTANT_CONVERSION = YES;
				CLANG_WARN_DEPRECATED_OBJC_IMPLEMENTATIONS = YES;
				CLANG_WARN_DIRECT_OBJC_ISA_USAGE = YES_ERROR;
				CLANG_WARN_DOCUMENTATION_COMMENTS = YES;
				CLANG_WARN_EMPTY_BODY = YES;
				CLANG_WARN_ENUM_CONVERSION = YES;
				CLANG_WARN_INFINITE_RECURSION = YES;
				CLANG_WARN_INT_CONVERSION = YES;
				CLANG_WARN_NON_LITERAL_NULL_CONVERSION = YES;
				CLANG_WARN_OBJC_IMPLICIT_RETAIN_SELF = YES;
				CLANG_WARN_OBJC_LITERAL_CONVERSION = YES;
				CLANG_WARN_OBJC_ROOT_CLASS = YES_ERROR;
				CLANG_WARN_QUOTED_INCLUDE_IN_FRAMEWORK_HEADER = YES;
				CLANG_WARN_RANGE_LOOP_ANALYSIS = YES;
				CLANG_WARN_STRICT_PROTOTYPES = YES;
				CLANG_WARN_SUSPICIOUS_MOVE = YES;
				CLANG_WARN_UNGUARDED_AVAILABILITY = YES_AGGRESSIVE;
				CLANG_WARN_UNREACHABLE_CODE = YES;
				CLANG_WARN__DUPLICATE_METHOD_MATCH = YES;
				COPY_PHASE_STRIP = NO;
				DEBUG_INFORMATION_FORMAT = dwarf;
				ENABLE_STRICT_OBJC_MSGSEND = YES;
				ENABLE_TESTABILITY = YES;
				GCC_C_LANGUAGE_STANDARD = gnu11;
				GCC_DYNAMIC_NO_PIC = NO;
				GCC_NO_COMMON_BLOCKS = YES;
				GCC_OPTIMIZATION_LEVEL = 0;
				GCC_PREPROCESSOR_DEFINITIONS = (
					"DEBUG=1",
					"$(inherited)",
				);
				GCC_WARN_64_TO_32_BIT_CONVERSION = YES;
				GCC_WARN_ABOUT_RETURN_TYPE = YES_ERROR;
				GCC_WARN_UNDECLARED_SELECTOR = YES;
				GCC_WARN_UNINITIALIZED_AUTOS = YES_AGGRESSIVE;
				GCC_WARN_UNUSED_FUNCTION = YES;
				GCC_WARN_UNUSED_VARIABLE = YES;
				IPHONEOS_DEPLOYMENT_TARGET = 16.1;
				MTL_ENABLE_DEBUG_INFO = INCLUDE_SOURCE;
				MTL_FAST_MATH = YES;
				ONLY_ACTIVE_ARCH = YES;
				SDKROOT = iphoneos;
				SWIFT_ACTIVE_COMPILATION_CONDITIONS = DEBUG;
				SWIFT_OPTIMIZATION_LEVEL = "-Onone";
			};
			name = Debug;
		};
		47AD7E3228F6542800EE3FDC /* Release */ = {
			isa = XCBuildConfiguration;
			buildSettings = {
				ALWAYS_SEARCH_USER_PATHS = NO;
				CLANG_ANALYZER_NONNULL = YES;
				CLANG_ANALYZER_NUMBER_OBJECT_CONVERSION = YES_AGGRESSIVE;
				CLANG_CXX_LANGUAGE_STANDARD = "gnu++20";
				CLANG_ENABLE_MODULES = YES;
				CLANG_ENABLE_OBJC_ARC = YES;
				CLANG_ENABLE_OBJC_WEAK = YES;
				CLANG_WARN_BLOCK_CAPTURE_AUTORELEASING = YES;
				CLANG_WARN_BOOL_CONVERSION = YES;
				CLANG_WARN_COMMA = YES;
				CLANG_WARN_CONSTANT_CONVERSION = YES;
				CLANG_WARN_DEPRECATED_OBJC_IMPLEMENTATIONS = YES;
				CLANG_WARN_DIRECT_OBJC_ISA_USAGE = YES_ERROR;
				CLANG_WARN_DOCUMENTATION_COMMENTS = YES;
				CLANG_WARN_EMPTY_BODY = YES;
				CLANG_WARN_ENUM_CONVERSION = YES;
				CLANG_WARN_INFINITE_RECURSION = YES;
				CLANG_WARN_INT_CONVERSION = YES;
				CLANG_WARN_NON_LITERAL_NULL_CONVERSION = YES;
				CLANG_WARN_OBJC_IMPLICIT_RETAIN_SELF = YES;
				CLANG_WARN_OBJC_LITERAL_CONVERSION = YES;
				CLANG_WARN_OBJC_ROOT_CLASS = YES_ERROR;
				CLANG_WARN_QUOTED_INCLUDE_IN_FRAMEWORK_HEADER = YES;
				CLANG_WARN_RANGE_LOOP_ANALYSIS = YES;
				CLANG_WARN_STRICT_PROTOTYPES = YES;
				CLANG_WARN_SUSPICIOUS_MOVE = YES;
				CLANG_WARN_UNGUARDED_AVAILABILITY = YES_AGGRESSIVE;
				CLANG_WARN_UNREACHABLE_CODE = YES;
				CLANG_WARN__DUPLICATE_METHOD_MATCH = YES;
				COPY_PHASE_STRIP = NO;
				DEBUG_INFORMATION_FORMAT = "dwarf-with-dsym";
				ENABLE_NS_ASSERTIONS = NO;
				ENABLE_STRICT_OBJC_MSGSEND = YES;
				GCC_C_LANGUAGE_STANDARD = gnu11;
				GCC_NO_COMMON_BLOCKS = YES;
				GCC_WARN_64_TO_32_BIT_CONVERSION = YES;
				GCC_WARN_ABOUT_RETURN_TYPE = YES_ERROR;
				GCC_WARN_UNDECLARED_SELECTOR = YES;
				GCC_WARN_UNINITIALIZED_AUTOS = YES_AGGRESSIVE;
				GCC_WARN_UNUSED_FUNCTION = YES;
				GCC_WARN_UNUSED_VARIABLE = YES;
				IPHONEOS_DEPLOYMENT_TARGET = 16.1;
				MTL_ENABLE_DEBUG_INFO = NO;
				MTL_FAST_MATH = YES;
				SDKROOT = iphoneos;
				SWIFT_COMPILATION_MODE = wholemodule;
				SWIFT_OPTIMIZATION_LEVEL = "-O";
				VALIDATE_PRODUCT = YES;
			};
			name = Release;
		};
		47AD7E3428F6542800EE3FDC /* Debug */ = {
			isa = XCBuildConfiguration;
			buildSettings = {
				ASSETCATALOG_COMPILER_APPICON_NAME = AppIcon;
				ASSETCATALOG_COMPILER_GLOBAL_ACCENT_COLOR_NAME = AccentColor;
				CODE_SIGN_STYLE = Automatic;
				CURRENT_PROJECT_VERSION = 1;
				DEVELOPMENT_ASSET_PATHS = "\"UI-696/Preview Content\"";
				DEVELOPMENT_TEAM = 8CL4U468K5;
				ENABLE_PREVIEWS = YES;
				GENERATE_INFOPLIST_FILE = YES;
				INFOPLIST_KEY_UIApplicationSceneManifest_Generation = YES;
				INFOPLIST_KEY_UIApplicationSupportsIndirectInputEvents = YES;
				INFOPLIST_KEY_UILaunchScreen_Generation = YES;
				INFOPLIST_KEY_UISupportedInterfaceOrientations_iPad = "UIInterfaceOrientationPortrait UIInterfaceOrientationPortraitUpsideDown UIInterfaceOrientationLandscapeLeft UIInterfaceOrientationLandscapeRight";
				INFOPLIST_KEY_UISupportedInterfaceOrientations_iPhone = "UIInterfaceOrientationPortrait UIInterfaceOrientationLandscapeLeft UIInterfaceOrientationLandscapeRight";
				LD_RUNPATH_SEARCH_PATHS = (
					"$(inherited)",
					"@executable_path/Frameworks",
				);
				MARKETING_VERSION = 1.0;
				PRODUCT_BUNDLE_IDENTIFIER = "com.585.UI-696";
				PRODUCT_NAME = "$(TARGET_NAME)";
				SWIFT_EMIT_LOC_STRINGS = YES;
				SWIFT_VERSION = 5.0;
				TARGETED_DEVICE_FAMILY = "1,2";
			};
			name = Debug;
		};
		47AD7E3528F6542800EE3FDC /* Release */ = {
			isa = XCBuildConfiguration;
			buildSettings = {
				ASSETCATALOG_COMPILER_APPICON_NAME = AppIcon;
				ASSETCATALOG_COMPILER_GLOBAL_ACCENT_COLOR_NAME = AccentColor;
				CODE_SIGN_STYLE = Automatic;
				CURRENT_PROJECT_VERSION = 1;
				DEVELOPMENT_ASSET_PATHS = "\"UI-696/Preview Content\"";
				DEVELOPMENT_TEAM = 8CL4U468K5;
				ENABLE_PREVIEWS = YES;
				GENERATE_INFOPLIST_FILE = YES;
				INFOPLIST_KEY_UIApplicationSceneManifest_Generation = YES;
				INFOPLIST_KEY_UIApplicationSupportsIndirectInputEvents = YES;
				INFOPLIST_KEY_UILaunchScreen_Generation = YES;
				INFOPLIST_KEY_UISupportedInterfaceOrientations_iPad = "UIInterfaceOrientationPortrait UIInterfaceOrientationPortraitUpsideDown UIInterfaceOrientationLandscapeLeft UIInterfaceOrientationLandscapeRight";
				INFOPLIST_KEY_UISupportedInterfaceOrientations_iPhone = "UIInterfaceOrientationPortrait UIInterfaceOrientationLandscapeLeft UIInterfaceOrientationLandscapeRight";
				LD_RUNPATH_SEARCH_PATHS = (
					"$(inherited)",
					"@executable_path/Frameworks",
				);
				MARKETING_VERSION = 1.0;
				PRODUCT_BUNDLE_IDENTIFIER = "com.585.UI-696";
				PRODUCT_NAME = "$(TARGET_NAME)";
				SWIFT_EMIT_LOC_STRINGS = YES;
				SWIFT_VERSION = 5.0;
				TARGETED_DEVICE_FAMILY = "1,2";
			};
			name = Release;
		};
		47AD7E3728F6542800EE3FDC /* Debug */ = {
			isa = XCBuildConfiguration;
			buildSettings = {
				ALWAYS_EMBED_SWIFT_STANDARD_LIBRARIES = YES;
				BUNDLE_LOADER = "$(TEST_HOST)";
				CODE_SIGN_STYLE = Automatic;
				CURRENT_PROJECT_VERSION = 1;
				DEVELOPMENT_TEAM = 8CL4U468K5;
				GENERATE_INFOPLIST_FILE = YES;
				IPHONEOS_DEPLOYMENT_TARGET = 16.1;
				MARKETING_VERSION = 1.0;
				PRODUCT_BUNDLE_IDENTIFIER = "com.585.UI-696Tests";
				PRODUCT_NAME = "$(TARGET_NAME)";
				SWIFT_EMIT_LOC_STRINGS = NO;
				SWIFT_VERSION = 5.0;
				TARGETED_DEVICE_FAMILY = "1,2";
				TEST_HOST = "$(BUILT_PRODUCTS_DIR)/UI-696.app/$(BUNDLE_EXECUTABLE_FOLDER_PATH)/UI-696";
			};
			name = Debug;
		};
		47AD7E3828F6542800EE3FDC /* Release */ = {
			isa = XCBuildConfiguration;
			buildSettings = {
				ALWAYS_EMBED_SWIFT_STANDARD_LIBRARIES = YES;
				BUNDLE_LOADER = "$(TEST_HOST)";
				CODE_SIGN_STYLE = Automatic;
				CURRENT_PROJECT_VERSION = 1;
				DEVELOPMENT_TEAM = 8CL4U468K5;
				GENERATE_INFOPLIST_FILE = YES;
				IPHONEOS_DEPLOYMENT_TARGET = 16.1;
				MARKETING_VERSION = 1.0;
				PRODUCT_BUNDLE_IDENTIFIER = "com.585.UI-696Tests";
				PRODUCT_NAME = "$(TARGET_NAME)";
				SWIFT_EMIT_LOC_STRINGS = NO;
				SWIFT_VERSION = 5.0;
				TARGETED_DEVICE_FAMILY = "1,2";
				TEST_HOST = "$(BUILT_PRODUCTS_DIR)/UI-696.app/$(BUNDLE_EXECUTABLE_FOLDER_PATH)/UI-696";
			};
			name = Release;
		};
		47AD7E3A28F6542800EE3FDC /* Debug */ = {
			isa = XCBuildConfiguration;
			buildSettings = {
				ALWAYS_EMBED_SWIFT_STANDARD_LIBRARIES = YES;
				CODE_SIGN_STYLE = Automatic;
				CURRENT_PROJECT_VERSION = 1;
				DEVELOPMENT_TEAM = 8CL4U468K5;
				GENERATE_INFOPLIST_FILE = YES;
				MARKETING_VERSION = 1.0;
				PRODUCT_BUNDLE_IDENTIFIER = "com.585.UI-696UITests";
				PRODUCT_NAME = "$(TARGET_NAME)";
				SWIFT_EMIT_LOC_STRINGS = NO;
				SWIFT_VERSION = 5.0;
				TARGETED_DEVICE_FAMILY = "1,2";
				TEST_TARGET_NAME = "UI-696";
			};
			name = Debug;
		};
		47AD7E3B28F6542800EE3FDC /* Release */ = {
			isa = XCBuildConfiguration;
			buildSettings = {
				ALWAYS_EMBED_SWIFT_STANDARD_LIBRARIES = YES;
				CODE_SIGN_STYLE = Automatic;
				CURRENT_PROJECT_VERSION = 1;
				DEVELOPMENT_TEAM = 8CL4U468K5;
				GENERATE_INFOPLIST_FILE = YES;
				MARKETING_VERSION = 1.0;
				PRODUCT_BUNDLE_IDENTIFIER = "com.585.UI-696UITests";
				PRODUCT_NAME = "$(TARGET_NAME)";
				SWIFT_EMIT_LOC_STRINGS = NO;
				SWIFT_VERSION = 5.0;
				TARGETED_DEVICE_FAMILY = "1,2";
				TEST_TARGET_NAME = "UI-696";
			};
			name = Release;
		};
/* End XCBuildConfiguration section */

/* Begin XCConfigurationList section */
		47AD7E0A28F6542700EE3FDC /* Build configuration list for PBXProject "UI-696" */ = {
			isa = XCConfigurationList;
			buildConfigurations = (
				47AD7E3128F6542800EE3FDC /* Debug */,
				47AD7E3228F6542800EE3FDC /* Release */,
			);
			defaultConfigurationIsVisible = 0;
			defaultConfigurationName = Release;
		};
		47AD7E3328F6542800EE3FDC /* Build configuration list for PBXNativeTarget "UI-696" */ = {
			isa = XCConfigurationList;
			buildConfigurations = (
				47AD7E3428F6542800EE3FDC /* Debug */,
				47AD7E3528F6542800EE3FDC /* Release */,
			);
			defaultConfigurationIsVisible = 0;
			defaultConfigurationName = Release;
		};
		47AD7E3628F6542800EE3FDC /* Build configuration list for PBXNativeTarget "UI-696Tests" */ = {
			isa = XCConfigurationList;
			buildConfigurations = (
				47AD7E3728F6542800EE3FDC /* Debug */,
				47AD7E3828F6542800EE3FDC /* Release */,
			);
			defaultConfigurationIsVisible = 0;
			defaultConfigurationName = Release;
		};
		47AD7E3928F6542800EE3FDC /* Build configuration list for PBXNativeTarget "UI-696UITests" */ = {
			isa = XCConfigurationList;
			buildConfigurations = (
				47AD7E3A28F6542800EE3FDC /* Debug */,
				47AD7E3B28F6542800EE3FDC /* Release */,
			);
			defaultConfigurationIsVisible = 0;
			defaultConfigurationName = Release;
		};
/* End XCConfigurationList section */
	};
	rootObject = 47AD7E0728F6542700EE3FDC /* Project object */;
}
